{
  "name": "@awslabs-community-fork/dynamodb-data-marshaller",
  "version": "0.7.3",
  "lockfileVersion": 2,
  "requires": true,
  "packages": {
    "": {
      "name": "@awslabs-community-fork/dynamodb-data-marshaller",
      "version": "0.7.3",
      "license": "Apache-2.0",
      "dependencies": {
        "@awslabs-community-fork/dynamodb-auto-marshaller": "^0.7.1",
        "@awslabs-community-fork/dynamodb-expressions": "^0.7.3",
        "tslib": "^2.1.0"
      }
    },
    "node_modules/@awslabs-community-fork/dynamodb-auto-marshaller": {
      "version": "0.7.10",
      "resolved": "https://registry.npmjs.org/@awslabs-community-fork/dynamodb-auto-marshaller/-/dynamodb-auto-marshaller-0.7.10.tgz",
      "integrity": "sha512-VYQeTwpQiCVai+eF8xmdAj1vAVJhwtPHAWU8wkWtwKxq47X4w2hL7oKAEEW/4UmH7yKyP3oP5l4/pqPXjOYTow==",
      "dependencies": {
        "tslib": "^2.1.0"
      }
    },
    "node_modules/@awslabs-community-fork/dynamodb-expressions": {
      "version": "0.7.10",
      "resolved": "https://registry.npmjs.org/@awslabs-community-fork/dynamodb-expressions/-/dynamodb-expressions-0.7.10.tgz",
      "integrity": "sha512-UYY+oB7YSiUaIl6ujkVzkCU7nz1R27NOCQqxvaC7JyTrROP+uZASoMBwbV2GuH32B7evYa0O5g526x4zQiCENA==",
      "dependencies": {
        "@awslabs-community-fork/dynamodb-auto-marshaller": "^0.7.10",
        "tslib": "^2.1.0"
      }
    },
    "node_modules/tslib": {
      "version": "2.2.0",
      "resolved": "https://registry.npmjs.org/tslib/-/tslib-2.2.0.tgz",
      "integrity": "sha512-gS9GVHRU+RGn5KQM2rllAlR3dU6m7AcpJKdtH8gFvQiC4Otgk98XnmMU+nZenHt/+VhnBPWwgrJsyrdcw6i23w=="
    }
  },
  "dependencies": {
    "@awslabs-community-fork/dynamodb-auto-marshaller": {
      "version": "0.7.10",
      "resolved": "https://registry.npmjs.org/@awslabs-community-fork/dynamodb-auto-marshaller/-/dynamodb-auto-marshaller-0.7.10.tgz",
      "integrity": "sha512-VYQeTwpQiCVai+eF8xmdAj1vAVJhwtPHAWU8wkWtwKxq47X4w2hL7oKAEEW/4UmH7yKyP3oP5l4/pqPXjOYTow==",
      "requires": {
        "tslib": "^2.1.0"
      }
    },
    "@awslabs-community-fork/dynamodb-expressions": {
      "version": "0.7.10",
      "resolved": "https://registry.npmjs.org/@awslabs-community-fork/dynamodb-expressions/-/dynamodb-expressions-0.7.10.tgz",
      "integrity": "sha512-UYY+oB7YSiUaIl6ujkVzkCU7nz1R27NOCQqxvaC7JyTrROP+uZASoMBwbV2GuH32B7evYa0O5g526x4zQiCENA==",
      "requires": {
        "@awslabs-community-fork/dynamodb-auto-marshaller": "^0.7.10",
        "tslib": "^2.1.0"
      }
    },
    "tslib": {
      "version": "2.2.0",
      "resolved": "https://registry.npmjs.org/tslib/-/tslib-2.2.0.tgz",
      "integrity": "sha512-gS9GVHRU+RGn5KQM2rllAlR3dU6m7AcpJKdtH8gFvQiC4Otgk98XnmMU+nZenHt/+VhnBPWwgrJsyrdcw6i23w=="
    }
  }
}
